
Microsoft Visual Studio Solution File, Format Version 12.00
# Visual Studio 2013
VisualStudioVersion = 12.0.31101.0
MinimumVisualStudioVersion = 10.0.40219.1
Project("{8BC9CEB8-8B4A-11D0-8D11-00A0C91BC942}") = "MakeGame", "MakeGame.vcxproj", "{CA126FC9-F94D-458A-8EEB-8E8B5117E5C1}"
EndProject
Project("{8BC9CEB8-8B4A-11D0-8D11-00A0C91BC942}") = "Data", "Data\Data.vcxproj", "{AFBB6003-33A5-4906-BE56-5318AD3B015E}"
EndProject
Project("{8BC9CEB8-8B4A-11D0-8D11-00A0C91BC942}") = "Console", "Console\Console.vcxproj", "{FD4384B4-7D04-42F0-8AFE-ABF0296F53CC}"
EndProject
Project("{8BC9CEB8-8B4A-11D0-8D11-00A0C91BC942}") = "Win32", "Win32\Win32.vcxproj", "{08224F7B-AF7D-48D2-A684-6EE8A037DB78}"
EndProject
Project("{8BC9CEB8-8B4A-11D0-8D11-00A0C91BC942}") = "ZConsoleApplication1", "ConsoleApplication1\ConsoleApplication1.vcxproj", "{04EA5893-6F75-43ED-BC29-812635294582}"
EndProject
Global
	GlobalSection(SolutionConfigurationPlatforms) = preSolution
		Debug|Win32 = Debug|Win32
		Release|Win32 = Release|Win32
	EndGlobalSection
	GlobalSection(ProjectConfigurationPlatforms) = postSolution
		{CA126FC9-F94D-458A-8EEB-8E8B5117E5C1}.Debug|Win32.ActiveCfg = Debug|Win32
		{CA126FC9-F94D-458A-8EEB-8E8B5117E5C1}.Debug|Win32.Build.0 = Debug|Win32
		{CA126FC9-F94D-458A-8EEB-8E8B5117E5C1}.Release|Win32.ActiveCfg = Release|Win32
		{CA126FC9-F94D-458A-8EEB-8E8B5117E5C1}.Release|Win32.Build.0 = Release|Win32
		{AFBB6003-33A5-4906-BE56-5318AD3B015E}.Debug|Win32.ActiveCfg = Debug|Win32
		{AFBB6003-33A5-4906-BE56-5318AD3B015E}.Debug|Win32.Build.0 = Debug|Win32
		{AFBB6003-33A5-4906-BE56-5318AD3B015E}.Release|Win32.ActiveCfg = Release|Win32
		{AFBB6003-33A5-4906-BE56-5318AD3B015E}.Release|Win32.Build.0 = Release|Win32
		{FD4384B4-7D04-42F0-8AFE-ABF0296F53CC}.Debug|Win32.ActiveCfg = Debug|Win32
		{FD4384B4-7D04-42F0-8AFE-ABF0296F53CC}.Debug|Win32.Build.0 = Debug|Win32
		{FD4384B4-7D04-42F0-8AFE-ABF0296F53CC}.Release|Win32.ActiveCfg = Release|Win32
		{FD4384B4-7D04-42F0-8AFE-ABF0296F53CC}.Release|Win32.Build.0 = Release|Win32
		{08224F7B-AF7D-48D2-A684-6EE8A037DB78}.Debug|Win32.ActiveCfg = Debug|Win32
		{08224F7B-AF7D-48D2-A684-6EE8A037DB78}.Debug|Win32.Build.0 = Debug|Win32
		{08224F7B-AF7D-48D2-A684-6EE8A037DB78}.Release|Win32.ActiveCfg = Release|Win32
		{08224F7B-AF7D-48D2-A684-6EE8A037DB78}.Release|Win32.Build.0 = Release|Win32
		{04EA5893-6F75-43ED-BC29-812635294582}.Debug|Win32.ActiveCfg = Debug|Win32
		{04EA5893-6F75-43ED-BC29-812635294582}.Debug|Win32.Build.0 = Debug|Win32
		{04EA5893-6F75-43ED-BC29-812635294582}.Release|Win32.ActiveCfg = Release|Win32
		{04EA5893-6F75-43ED-BC29-812635294582}.Release|Win32.Build.0 = Release|Win32
	EndGlobalSection
	GlobalSection(SolutionProperties) = preSolution
		HideSolutionNode = FALSE
	EndGlobalSection
EndGlobal
